
Microsoft Visual Studio Solution File, Format Version 12.00
# Visual Studio Version 17
VisualStudioVersion = 17.8.34330.188
MinimumVisualStudioVersion = 10.0.40219.1
Project("{9A19103F-16F7-4668-BE54-9A1E7A4F7556}") = "PhorcysConsole", "PhorcysConsole\PhorcysConsole.csproj", "{9622A482-093E-48E0-84FA-3BCCB2EA3502}"
EndProject
Project("{9A19103F-16F7-4668-BE54-9A1E7A4F7556}") = "Phorcys.Data", "PhorcysData\Phorcys.Data.csproj", "{D6A66293-03A1-4EFB-81BF-25344E631A72}"
EndProject
Project("{9A19103F-16F7-4668-BE54-9A1E7A4F7556}") = "Phorcys.Domain", "PhorcysDomain\Phorcys.Domain.csproj", "{844BE8E2-62DD-403A-B48E-8251208F8E25}"
EndProject
Global
	GlobalSection(SolutionConfigurationPlatforms) = preSolution
		Debug|Any CPU = Debug|Any CPU
		Release|Any CPU = Release|Any CPU
	EndGlobalSection
	GlobalSection(ProjectConfigurationPlatforms) = postSolution
		{9622A482-093E-48E0-84FA-3BCCB2EA3502}.Debug|Any CPU.ActiveCfg = Debug|Any CPU
		{9622A482-093E-48E0-84FA-3BCCB2EA3502}.Debug|Any CPU.Build.0 = Debug|Any CPU
		{9622A482-093E-48E0-84FA-3BCCB2EA3502}.Release|Any CPU.ActiveCfg = Release|Any CPU
		{9622A482-093E-48E0-84FA-3BCCB2EA3502}.Release|Any CPU.Build.0 = Release|Any CPU
		{D6A66293-03A1-4EFB-81BF-25344E631A72}.Debug|Any CPU.ActiveCfg = Debug|Any CPU
		{D6A66293-03A1-4EFB-81BF-25344E631A72}.Debug|Any CPU.Build.0 = Debug|Any CPU
		{D6A66293-03A1-4EFB-81BF-25344E631A72}.Release|Any CPU.ActiveCfg = Release|Any CPU
		{D6A66293-03A1-4EFB-81BF-25344E631A72}.Release|Any CPU.Build.0 = Release|Any CPU
		{844BE8E2-62DD-403A-B48E-8251208F8E25}.Debug|Any CPU.ActiveCfg = Debug|Any CPU
		{844BE8E2-62DD-403A-B48E-8251208F8E25}.Debug|Any CPU.Build.0 = Debug|Any CPU
		{844BE8E2-62DD-403A-B48E-8251208F8E25}.Release|Any CPU.ActiveCfg = Release|Any CPU
		{844BE8E2-62DD-403A-B48E-8251208F8E25}.Release|Any CPU.Build.0 = Release|Any CPU
	EndGlobalSection
	GlobalSection(SolutionProperties) = preSolution
		HideSolutionNode = FALSE
	EndGlobalSection
	GlobalSection(ExtensibilityGlobals) = postSolution
		SolutionGuid = {25D5A1B3-6CC8-4A3A-AAA6-F82E336F0391}
	EndGlobalSection
EndGlobal
