
Microsoft Visual Studio Solution File, Format Version 12.00
# Visual Studio Version 17
VisualStudioVersion = 17.8.34330.188
MinimumVisualStudioVersion = 10.0.40219.1
Project("{9A19103F-16F7-4668-BE54-9A1E7A4F7556}") = "PhorcysConsole", "PhorcysConsole\PhorcysConsole.csproj", "{9622A482-093E-48E0-84FA-3BCCB2EA3502}"
EndProject
Project("{9A19103F-16F7-4668-BE54-9A1E7A4F7556}") = "PhorcysData", "PhorcysData\PhorcysData.csproj", "{F6410DBB-0860-4EF4-9E0F-5D23A6B14ECC}"
EndProject
Project("{9A19103F-16F7-4668-BE54-9A1E7A4F7556}") = "PhorcysDomain", "PhorcysDomain\PhorcysDomain.csproj", "{FAFCB9A2-4458-42A3-9B9E-5938B56FBB66}"
EndProject
Global
	GlobalSection(SolutionConfigurationPlatforms) = preSolution
		Debug|Any CPU = Debug|Any CPU
		Release|Any CPU = Release|Any CPU
	EndGlobalSection
	GlobalSection(ProjectConfigurationPlatforms) = postSolution
		{9622A482-093E-48E0-84FA-3BCCB2EA3502}.Debug|Any CPU.ActiveCfg = Debug|Any CPU
		{9622A482-093E-48E0-84FA-3BCCB2EA3502}.Debug|Any CPU.Build.0 = Debug|Any CPU
		{9622A482-093E-48E0-84FA-3BCCB2EA3502}.Release|Any CPU.ActiveCfg = Release|Any CPU
		{9622A482-093E-48E0-84FA-3BCCB2EA3502}.Release|Any CPU.Build.0 = Release|Any CPU
		{F6410DBB-0860-4EF4-9E0F-5D23A6B14ECC}.Debug|Any CPU.ActiveCfg = Debug|Any CPU
		{F6410DBB-0860-4EF4-9E0F-5D23A6B14ECC}.Debug|Any CPU.Build.0 = Debug|Any CPU
		{F6410DBB-0860-4EF4-9E0F-5D23A6B14ECC}.Release|Any CPU.ActiveCfg = Release|Any CPU
		{F6410DBB-0860-4EF4-9E0F-5D23A6B14ECC}.Release|Any CPU.Build.0 = Release|Any CPU
		{FAFCB9A2-4458-42A3-9B9E-5938B56FBB66}.Debug|Any CPU.ActiveCfg = Debug|Any CPU
		{FAFCB9A2-4458-42A3-9B9E-5938B56FBB66}.Debug|Any CPU.Build.0 = Debug|Any CPU
		{FAFCB9A2-4458-42A3-9B9E-5938B56FBB66}.Release|Any CPU.ActiveCfg = Release|Any CPU
		{FAFCB9A2-4458-42A3-9B9E-5938B56FBB66}.Release|Any CPU.Build.0 = Release|Any CPU
	EndGlobalSection
	GlobalSection(SolutionProperties) = preSolution
		HideSolutionNode = FALSE
	EndGlobalSection
	GlobalSection(ExtensibilityGlobals) = postSolution
		SolutionGuid = {25D5A1B3-6CC8-4A3A-AAA6-F82E336F0391}
	EndGlobalSection
EndGlobal
